// !$*UTF8*$!
{
	archiveVersion = 1;
	classes = {
	};
	objectVersion = 77;
	objects = {

/* Begin PBXContainerItemProxy section */
		649070712D8807400099269B /* PBXContainerItemProxy */ = {
			isa = PBXContainerItemProxy;
			containerPortal = 649070582D88073E0099269B /* Project object */;
			proxyType = 1;
			remoteGlobalIDString = 6490705F2D88073E0099269B;
			remoteInfo = FinancialCalculator;
		};
		6490707B2D8807400099269B /* PBXContainerItemProxy */ = {
			isa = PBXContainerItemProxy;
			containerPortal = 649070582D88073E0099269B /* Project object */;
			proxyType = 1;
			remoteGlobalIDString = 6490705F2D88073E0099269B;
			remoteInfo = FinancialCalculator;
		};
/* End PBXContainerItemProxy section */

/* Begin PBXFileReference section */
		649070602D88073E0099269B /* FinancialCalculator-wit-ai.app */ = {isa = PBXFileReference; explicitFileType = wrapper.application; includeInIndex = 0; path = "FinancialCalculator-wit-ai.app"; sourceTree = BUILT_PRODUCTS_DIR; };
		649070702D8807400099269B /* FinancialCalculator-wit-aiTests.xctest */ = {isa = PBXFileReference; explicitFileType = wrapper.cfbundle; includeInIndex = 0; path = "FinancialCalculator-wit-aiTests.xctest"; sourceTree = BUILT_PRODUCTS_DIR; };
		6490707A2D8807400099269B /* FinancialCalculator-wit-aiUITests.xctest */ = {isa = PBXFileReference; explicitFileType = wrapper.cfbundle; includeInIndex = 0; path = "FinancialCalculator-wit-aiUITests.xctest"; sourceTree = BUILT_PRODUCTS_DIR; };
/* End PBXFileReference section */

/* Begin PBXFileSystemSynchronizedRootGroup section */
		649070622D88073E0099269B /* FinancialCalculator */ = {
			isa = PBXFileSystemSynchronizedRootGroup;
			path = FinancialCalculator;
			sourceTree = "<group>";
		};
		649070732D8807400099269B /* FinancialCalculatorTests */ = {
			isa = PBXFileSystemSynchronizedRootGroup;
			path = FinancialCalculatorTests;
			sourceTree = "<group>";
		};
		6490707D2D8807400099269B /* FinancialCalculatorUITests */ = {
			isa = PBXFileSystemSynchronizedRootGroup;
			path = FinancialCalculatorUITests;
			sourceTree = "<group>";
		};
/* End PBXFileSystemSynchronizedRootGroup section */

/* Begin PBXFrameworksBuildPhase section */
		6490705D2D88073E0099269B /* Frameworks */ = {
			isa = PBXFrameworksBuildPhase;
			buildActionMask = 2147483647;
			files = (
			);
			runOnlyForDeploymentPostprocessing = 0;
		};
		6490706D2D8807400099269B /* Frameworks */ = {
			isa = PBXFrameworksBuildPhase;
			buildActionMask = 2147483647;
			files = (
			);
			runOnlyForDeploymentPostprocessing = 0;
		};
		649070772D8807400099269B /* Frameworks */ = {
			isa = PBXFrameworksBuildPhase;
			buildActionMask = 2147483647;
			files = (
			);
			runOnlyForDeploymentPostprocessing = 0;
		};
/* End PBXFrameworksBuildPhase section */

/* Begin PBXGroup section */
		649070572D88073E0099269B = {
			isa = PBXGroup;
			children = (
				649070622D88073E0099269B /* FinancialCalculator */,
				649070732D8807400099269B /* FinancialCalculatorTests */,
				6490707D2D8807400099269B /* FinancialCalculatorUITests */,
				649070612D88073E0099269B /* Products */,
			);
			sourceTree = "<group>";
		};
		649070612D88073E0099269B /* Products */ = {
			isa = PBXGroup;
			children = (
				649070602D88073E0099269B /* FinancialCalculator-wit-ai.app */,
				649070702D8807400099269B /* FinancialCalculator-wit-aiTests.xctest */,
				6490707A2D8807400099269B /* FinancialCalculator-wit-aiUITests.xctest */,
			);
			name = Products;
			sourceTree = "<group>";
		};
/* End PBXGroup section */

/* Begin PBXNativeTarget section */
		6490705F2D88073E0099269B /* FinancialCalculator-wit-ai */ = {
			isa = PBXNativeTarget;
			buildConfigurationList = 649070842D8807400099269B /* Build configuration list for PBXNativeTarget "FinancialCalculator-wit-ai" */;
			buildPhases = (
				6490705C2D88073E0099269B /* Sources */,
				6490705D2D88073E0099269B /* Frameworks */,
				6490705E2D88073E0099269B /* Resources */,
			);
			buildRules = (
			);
			dependencies = (
			);
			fileSystemSynchronizedGroups = (
				649070622D88073E0099269B /* FinancialCalculator */,
			);
			name = "FinancialCalculator-wit-ai";
			packageProductDependencies = (
			);
			productName = FinancialCalculator;
			productReference = 649070602D88073E0099269B /* FinancialCalculator-wit-ai.app */;
			productType = "com.apple.product-type.application";
		};
		6490706F2D8807400099269B /* FinancialCalculator-wit-aiTests */ = {
			isa = PBXNativeTarget;
			buildConfigurationList = 649070872D8807400099269B /* Build configuration list for PBXNativeTarget "FinancialCalculator-wit-aiTests" */;
			buildPhases = (
				6490706C2D8807400099269B /* Sources */,
				6490706D2D8807400099269B /* Frameworks */,
				6490706E2D8807400099269B /* Resources */,
			);
			buildRules = (
			);
			dependencies = (
				649070722D8807400099269B /* PBXTargetDependency */,
			);
			fileSystemSynchronizedGroups = (
				649070732D8807400099269B /* FinancialCalculatorTests */,
			);
			name = "FinancialCalculator-wit-aiTests";
			packageProductDependencies = (
			);
			productName = FinancialCalculatorTests;
			productReference = 649070702D8807400099269B /* FinancialCalculator-wit-aiTests.xctest */;
			productType = "com.apple.product-type.bundle.unit-test";
		};
		649070792D8807400099269B /* FinancialCalculator-wit-aiUITests */ = {
			isa = PBXNativeTarget;
			buildConfigurationList = 6490708A2D8807400099269B /* Build configuration list for PBXNativeTarget "FinancialCalculator-wit-aiUITests" */;
			buildPhases = (
				649070762D8807400099269B /* Sources */,
				649070772D8807400099269B /* Frameworks */,
				649070782D8807400099269B /* Resources */,
			);
			buildRules = (
			);
			dependencies = (
				6490707C2D8807400099269B /* PBXTargetDependency */,
			);
			fileSystemSynchronizedGroups = (
				6490707D2D8807400099269B /* FinancialCalculatorUITests */,
			);
			name = "FinancialCalculator-wit-aiUITests";
			packageProductDependencies = (
			);
			productName = FinancialCalculatorUITests;
			productReference = 6490707A2D8807400099269B /* FinancialCalculator-wit-aiUITests.xctest */;
			productType = "com.apple.product-type.bundle.ui-testing";
		};
/* End PBXNativeTarget section */

/* Begin PBXProject section */
		649070582D88073E0099269B /* Project object */ = {
			isa = PBXProject;
			attributes = {
				BuildIndependentTargetsInParallel = 1;
				LastSwiftUpdateCheck = 1620;
				LastUpgradeCheck = 1620;
				TargetAttributes = {
					6490705F2D88073E0099269B = {
						CreatedOnToolsVersion = 16.2;
					};
					6490706F2D8807400099269B = {
						CreatedOnToolsVersion = 16.2;
						TestTargetID = 6490705F2D88073E0099269B;
					};
					649070792D8807400099269B = {
						CreatedOnToolsVersion = 16.2;
						TestTargetID = 6490705F2D88073E0099269B;
					};
				};
			};
			buildConfigurationList = 6490705B2D88073E0099269B /* Build configuration list for PBXProject "FinancialCalculator-wit-ai" */;
			developmentRegion = en;
			hasScannedForEncodings = 0;
			knownRegions = (
				en,
				Base,
			);
			mainGroup = 649070572D88073E0099269B;
			minimizedProjectReferenceProxies = 1;
			preferredProjectObjectVersion = 77;
			productRefGroup = 649070612D88073E0099269B /* Products */;
			projectDirPath = "";
			projectRoot = "";
			targets = (
				6490705F2D88073E0099269B /* FinancialCalculator-wit-ai */,
				6490706F2D8807400099269B /* FinancialCalculator-wit-aiTests */,
				649070792D8807400099269B /* FinancialCalculator-wit-aiUITests */,
			);
		};
/* End PBXProject section */

/* Begin PBXResourcesBuildPhase section */
		6490705E2D88073E0099269B /* Resources */ = {
			isa = PBXResourcesBuildPhase;
			buildActionMask = 2147483647;
			files = (
			);
			runOnlyForDeploymentPostprocessing = 0;
		};
		6490706E2D8807400099269B /* Resources */ = {
			isa = PBXResourcesBuildPhase;
			buildActionMask = 2147483647;
			files = (
			);
			runOnlyForDeploymentPostprocessing = 0;
		};
		649070782D8807400099269B /* Resources */ = {
			isa = PBXResourcesBuildPhase;
			buildActionMask = 2147483647;
			files = (
			);
			runOnlyForDeploymentPostprocessing = 0;
		};
/* End PBXResourcesBuildPhase section */

/* Begin PBXSourcesBuildPhase section */
		6490705C2D88073E0099269B /* Sources */ = {
			isa = PBXSourcesBuildPhase;
			buildActionMask = 2147483647;
			files = (
			);
			runOnlyForDeploymentPostprocessing = 0;
		};
		6490706C2D8807400099269B /* Sources */ = {
			isa = PBXSourcesBuildPhase;
			buildActionMask = 2147483647;
			files = (
			);
			runOnlyForDeploymentPostprocessing = 0;
		};
		649070762D8807400099269B /* Sources */ = {
			isa = PBXSourcesBuildPhase;
			buildActionMask = 2147483647;
			files = (
			);
			runOnlyForDeploymentPostprocessing = 0;
		};
/* End PBXSourcesBuildPhase section */

/* Begin PBXTargetDependency section */
		649070722D8807400099269B /* PBXTargetDependency */ = {
			isa = PBXTargetDependency;
			target = 6490705F2D88073E0099269B /* FinancialCalculator-wit-ai */;
			targetProxy = 649070712D8807400099269B /* PBXContainerItemProxy */;
		};
		6490707C2D8807400099269B /* PBXTargetDependency */ = {
			isa = PBXTargetDependency;
			target = 6490705F2D88073E0099269B /* FinancialCalculator-wit-ai */;
			targetProxy = 6490707B2D8807400099269B /* PBXContainerItemProxy */;
		};
/* End PBXTargetDependency section */

/* Begin XCBuildConfiguration section */
		649070822D8807400099269B /* Debug */ = {
			isa = XCBuildConfiguration;
			buildSettings = {
				ALWAYS_SEARCH_USER_PATHS = NO;
				ASSETCATALOG_COMPILER_GENERATE_SWIFT_ASSET_SYMBOL_EXTENSIONS = YES;
				CLANG_ANALYZER_NONNULL = YES;
				CLANG_ANALYZER_NUMBER_OBJECT_CONVERSION = YES_AGGRESSIVE;
				CLANG_CXX_LANGUAGE_STANDARD = "gnu++20";
				CLANG_ENABLE_MODULES = YES;
				CLANG_ENABLE_OBJC_ARC = YES;
				CLANG_ENABLE_OBJC_WEAK = YES;
				CLANG_WARN_BLOCK_CAPTURE_AUTORELEASING = YES;
				CLANG_WARN_BOOL_CONVERSION = YES;
				CLANG_WARN_COMMA = YES;
				CLANG_WARN_CONSTANT_CONVERSION = YES;
				CLANG_WARN_DEPRECATED_OBJC_IMPLEMENTATIONS = YES;
				CLANG_WARN_DIRECT_OBJC_ISA_USAGE = YES_ERROR;
				CLANG_WARN_DOCUMENTATION_COMMENTS = YES;
				CLANG_WARN_EMPTY_BODY = YES;
				CLANG_WARN_ENUM_CONVERSION = YES;
				CLANG_WARN_INFINITE_RECURSION = YES;
				CLANG_WARN_INT_CONVERSION = YES;
				CLANG_WARN_NON_LITERAL_NULL_CONVERSION = YES;
				CLANG_WARN_OBJC_IMPLICIT_RETAIN_SELF = YES;
				CLANG_WARN_OBJC_LITERAL_CONVERSION = YES;
				CLANG_WARN_OBJC_ROOT_CLASS = YES_ERROR;
				CLANG_WARN_QUOTED_INCLUDE_IN_FRAMEWORK_HEADER = YES;
				CLANG_WARN_RANGE_LOOP_ANALYSIS = YES;
				CLANG_WARN_STRICT_PROTOTYPES = YES;
				CLANG_WARN_SUSPICIOUS_MOVE = YES;
				CLANG_WARN_UNGUARDED_AVAILABILITY = YES_AGGRESSIVE;
				CLANG_WARN_UNREACHABLE_CODE = YES;
				CLANG_WARN__DUPLICATE_METHOD_MATCH = YES;
				COPY_PHASE_STRIP = NO;
				DEBUG_INFORMATION_FORMAT = dwarf;
				ENABLE_STRICT_OBJC_MSGSEND = YES;
				ENABLE_TESTABILITY = YES;
				ENABLE_USER_SCRIPT_SANDBOXING = YES;
				GCC_C_LANGUAGE_STANDARD = gnu17;
				GCC_DYNAMIC_NO_PIC = NO;
				GCC_NO_COMMON_BLOCKS = YES;
				GCC_OPTIMIZATION_LEVEL = 0;
				GCC_PREPROCESSOR_DEFINITIONS = (
					"DEBUG=1",
					"$(inherited)",
				);
				GCC_WARN_64_TO_32_BIT_CONVERSION = YES;
				GCC_WARN_ABOUT_RETURN_TYPE = YES_ERROR;
				GCC_WARN_UNDECLARED_SELECTOR = YES;
				GCC_WARN_UNINITIALIZED_AUTOS = YES_AGGRESSIVE;
				GCC_WARN_UNUSED_FUNCTION = YES;
				GCC_WARN_UNUSED_VARIABLE = YES;
				IPHONEOS_DEPLOYMENT_TARGET = 18.2;
				LOCALIZATION_PREFERS_STRING_CATALOGS = YES;
				MTL_ENABLE_DEBUG_INFO = INCLUDE_SOURCE;
				MTL_FAST_MATH = YES;
				ONLY_ACTIVE_ARCH = YES;
				SDKROOT = iphoneos;
				SWIFT_ACTIVE_COMPILATION_CONDITIONS = "DEBUG $(inherited)";
				SWIFT_OPTIMIZATION_LEVEL = "-Onone";
			};
			name = Debug;
		};
		649070832D8807400099269B /* Release */ = {
			isa = XCBuildConfiguration;
			buildSettings = {
				ALWAYS_SEARCH_USER_PATHS = NO;
				ASSETCATALOG_COMPILER_GENERATE_SWIFT_ASSET_SYMBOL_EXTENSIONS = YES;
				CLANG_ANALYZER_NONNULL = YES;
				CLANG_ANALYZER_NUMBER_OBJECT_CONVERSION = YES_AGGRESSIVE;
				CLANG_CXX_LANGUAGE_STANDARD = "gnu++20";
				CLANG_ENABLE_MODULES = YES;
				CLANG_ENABLE_OBJC_ARC = YES;
				CLANG_ENABLE_OBJC_WEAK = YES;
				CLANG_WARN_BLOCK_CAPTURE_AUTORELEASING = YES;
				CLANG_WARN_BOOL_CONVERSION = YES;
				CLANG_WARN_COMMA = YES;
				CLANG_WARN_CONSTANT_CONVERSION = YES;
				CLANG_WARN_DEPRECATED_OBJC_IMPLEMENTATIONS = YES;
				CLANG_WARN_DIRECT_OBJC_ISA_USAGE = YES_ERROR;
				CLANG_WARN_DOCUMENTATION_COMMENTS = YES;
				CLANG_WARN_EMPTY_BODY = YES;
				CLANG_WARN_ENUM_CONVERSION = YES;
				CLANG_WARN_INFINITE_RECURSION = YES;
				CLANG_WARN_INT_CONVERSION = YES;
				CLANG_WARN_NON_LITERAL_NULL_CONVERSION = YES;
				CLANG_WARN_OBJC_IMPLICIT_RETAIN_SELF = YES;
				CLANG_WARN_OBJC_LITERAL_CONVERSION = YES;
				CLANG_WARN_OBJC_ROOT_CLASS = YES_ERROR;
				CLANG_WARN_QUOTED_INCLUDE_IN_FRAMEWORK_HEADER = YES;
				CLANG_WARN_RANGE_LOOP_ANALYSIS = YES;
				CLANG_WARN_STRICT_PROTOTYPES = YES;
				CLANG_WARN_SUSPICIOUS_MOVE = YES;
				CLANG_WARN_UNGUARDED_AVAILABILITY = YES_AGGRESSIVE;
				CLANG_WARN_UNREACHABLE_CODE = YES;
				CLANG_WARN__DUPLICATE_METHOD_MATCH = YES;
				COPY_PHASE_STRIP = NO;
				DEBUG_INFORMATION_FORMAT = "dwarf-with-dsym";
				ENABLE_NS_ASSERTIONS = NO;
				ENABLE_STRICT_OBJC_MSGSEND = YES;
				ENABLE_USER_SCRIPT_SANDBOXING = YES;
				GCC_C_LANGUAGE_STANDARD = gnu17;
				GCC_NO_COMMON_BLOCKS = YES;
				GCC_WARN_64_TO_32_BIT_CONVERSION = YES;
				GCC_WARN_ABOUT_RETURN_TYPE = YES_ERROR;
				GCC_WARN_UNDECLARED_SELECTOR = YES;
				GCC_WARN_UNINITIALIZED_AUTOS = YES_AGGRESSIVE;
				GCC_WARN_UNUSED_FUNCTION = YES;
				GCC_WARN_UNUSED_VARIABLE = YES;
				IPHONEOS_DEPLOYMENT_TARGET = 18.2;
				LOCALIZATION_PREFERS_STRING_CATALOGS = YES;
				MTL_ENABLE_DEBUG_INFO = NO;
				MTL_FAST_MATH = YES;
				SDKROOT = iphoneos;
				SWIFT_COMPILATION_MODE = wholemodule;
				VALIDATE_PRODUCT = YES;
			};
			name = Release;
		};
		649070852D8807400099269B /* Debug */ = {
			isa = XCBuildConfiguration;
			buildSettings = {
				ASSETCATALOG_COMPILER_APPICON_NAME = AppIcon;
				ASSETCATALOG_COMPILER_GLOBAL_ACCENT_COLOR_NAME = AccentColor;
				CODE_SIGN_STYLE = Automatic;
				CURRENT_PROJECT_VERSION = 1;
				DEVELOPMENT_ASSET_PATHS = "\"FinancialCalculator/Preview Content\"";
				DEVELOPMENT_TEAM = R4Y2TF328P;
				ENABLE_PREVIEWS = YES;
				GENERATE_INFOPLIST_FILE = YES;
				INFOPLIST_KEY_UIApplicationSceneManifest_Generation = YES;
				INFOPLIST_KEY_UIApplicationSupportsIndirectInputEvents = YES;
				INFOPLIST_KEY_UILaunchScreen_Generation = YES;
				INFOPLIST_KEY_UISupportedInterfaceOrientations_iPad = "UIInterfaceOrientationPortrait UIInterfaceOrientationPortraitUpsideDown UIInterfaceOrientationLandscapeLeft UIInterfaceOrientationLandscapeRight";
				INFOPLIST_KEY_UISupportedInterfaceOrientations_iPhone = "UIInterfaceOrientationPortrait UIInterfaceOrientationLandscapeLeft UIInterfaceOrientationLandscapeRight";
				LD_RUNPATH_SEARCH_PATHS = (
					"$(inherited)",
					"@executable_path/Frameworks",
				);
				MARKETING_VERSION = 1.0;
				PRODUCT_BUNDLE_IDENTIFIER = gioglobe.mobilecore.FinancialCalculator;
				PRODUCT_NAME = "$(TARGET_NAME)";
				SWIFT_EMIT_LOC_STRINGS = YES;
				SWIFT_VERSION = 5.0;
				TARGETED_DEVICE_FAMILY = "1,2";
			};
			name = Debug;
		};
		649070862D8807400099269B /* Release */ = {
			isa = XCBuildConfiguration;
			buildSettings = {
				ASSETCATALOG_COMPILER_APPICON_NAME = AppIcon;
				ASSETCATALOG_COMPILER_GLOBAL_ACCENT_COLOR_NAME = AccentColor;
				CODE_SIGN_STYLE = Automatic;
				CURRENT_PROJECT_VERSION = 1;
				DEVELOPMENT_ASSET_PATHS = "\"FinancialCalculator/Preview Content\"";
				DEVELOPMENT_TEAM = R4Y2TF328P;
				ENABLE_PREVIEWS = YES;
				GENERATE_INFOPLIST_FILE = YES;
				INFOPLIST_KEY_UIApplicationSceneManifest_Generation = YES;
				INFOPLIST_KEY_UIApplicationSupportsIndirectInputEvents = YES;
				INFOPLIST_KEY_UILaunchScreen_Generation = YES;
				INFOPLIST_KEY_UISupportedInterfaceOrientations_iPad = "UIInterfaceOrientationPortrait UIInterfaceOrientationPortraitUpsideDown UIInterfaceOrientationLandscapeLeft UIInterfaceOrientationLandscapeRight";
				INFOPLIST_KEY_UISupportedInterfaceOrientations_iPhone = "UIInterfaceOrientationPortrait UIInterfaceOrientationLandscapeLeft UIInterfaceOrientationLandscapeRight";
				LD_RUNPATH_SEARCH_PATHS = (
					"$(inherited)",
					"@executable_path/Frameworks",
				);
				MARKETING_VERSION = 1.0;
				PRODUCT_BUNDLE_IDENTIFIER = gioglobe.mobilecore.FinancialCalculator;
				PRODUCT_NAME = "$(TARGET_NAME)";
				SWIFT_EMIT_LOC_STRINGS = YES;
				SWIFT_VERSION = 5.0;
				TARGETED_DEVICE_FAMILY = "1,2";
			};
			name = Release;
		};
		649070882D8807400099269B /* Debug */ = {
			isa = XCBuildConfiguration;
			buildSettings = {
				BUNDLE_LOADER = "$(TEST_HOST)";
				CODE_SIGN_STYLE = Automatic;
				CURRENT_PROJECT_VERSION = 1;
				DEVELOPMENT_TEAM = R4Y2TF328P;
				GENERATE_INFOPLIST_FILE = YES;
				IPHONEOS_DEPLOYMENT_TARGET = 18.2;
				MARKETING_VERSION = 1.0;
				PRODUCT_BUNDLE_IDENTIFIER = gioglobe.mobilecore.FinancialCalculatorTests;
				PRODUCT_NAME = "$(TARGET_NAME)";
				SWIFT_EMIT_LOC_STRINGS = NO;
				SWIFT_VERSION = 5.0;
				TARGETED_DEVICE_FAMILY = "1,2";
				TEST_HOST = "$(BUILT_PRODUCTS_DIR)/FinancialCalculator-wit-ai.app/$(BUNDLE_EXECUTABLE_FOLDER_PATH)/FinancialCalculator-wit-ai";
			};
			name = Debug;
		};
		649070892D8807400099269B /* Release */ = {
			isa = XCBuildConfiguration;
			buildSettings = {
				BUNDLE_LOADER = "$(TEST_HOST)";
				CODE_SIGN_STYLE = Automatic;
				CURRENT_PROJECT_VERSION = 1;
				DEVELOPMENT_TEAM = R4Y2TF328P;
				GENERATE_INFOPLIST_FILE = YES;
				IPHONEOS_DEPLOYMENT_TARGET = 18.2;
				MARKETING_VERSION = 1.0;
				PRODUCT_BUNDLE_IDENTIFIER = gioglobe.mobilecore.FinancialCalculatorTests;
				PRODUCT_NAME = "$(TARGET_NAME)";
				SWIFT_EMIT_LOC_STRINGS = NO;
				SWIFT_VERSION = 5.0;
				TARGETED_DEVICE_FAMILY = "1,2";
				TEST_HOST = "$(BUILT_PRODUCTS_DIR)/FinancialCalculator-wit-ai.app/$(BUNDLE_EXECUTABLE_FOLDER_PATH)/FinancialCalculator-wit-ai";
			};
			name = Release;
		};
		6490708B2D8807400099269B /* Debug */ = {
			isa = XCBuildConfiguration;
			buildSettings = {
				CODE_SIGN_STYLE = Automatic;
				CURRENT_PROJECT_VERSION = 1;
				DEVELOPMENT_TEAM = R4Y2TF328P;
				GENERATE_INFOPLIST_FILE = YES;
				MARKETING_VERSION = 1.0;
				PRODUCT_BUNDLE_IDENTIFIER = gioglobe.mobilecore.FinancialCalculatorUITests;
				PRODUCT_NAME = "$(TARGET_NAME)";
				SWIFT_EMIT_LOC_STRINGS = NO;
				SWIFT_VERSION = 5.0;
				TARGETED_DEVICE_FAMILY = "1,2";
				TEST_TARGET_NAME = FinancialCalculator;
			};
			name = Debug;
		};
		6490708C2D8807400099269B /* Release */ = {
			isa = XCBuildConfiguration;
			buildSettings = {
				CODE_SIGN_STYLE = Automatic;
				CURRENT_PROJECT_VERSION = 1;
				DEVELOPMENT_TEAM = R4Y2TF328P;
				GENERATE_INFOPLIST_FILE = YES;
				MARKETING_VERSION = 1.0;
				PRODUCT_BUNDLE_IDENTIFIER = gioglobe.mobilecore.FinancialCalculatorUITests;
				PRODUCT_NAME = "$(TARGET_NAME)";
				SWIFT_EMIT_LOC_STRINGS = NO;
				SWIFT_VERSION = 5.0;
				TARGETED_DEVICE_FAMILY = "1,2";
				TEST_TARGET_NAME = FinancialCalculator;
			};
			name = Release;
		};
/* End XCBuildConfiguration section */

/* Begin XCConfigurationList section */
		6490705B2D88073E0099269B /* Build configuration list for PBXProject "FinancialCalculator-wit-ai" */ = {
			isa = XCConfigurationList;
			buildConfigurations = (
				649070822D8807400099269B /* Debug */,
				649070832D8807400099269B /* Release */,
			);
			defaultConfigurationIsVisible = 0;
			defaultConfigurationName = Release;
		};
		649070842D8807400099269B /* Build configuration list for PBXNativeTarget "FinancialCalculator-wit-ai" */ = {
			isa = XCConfigurationList;
			buildConfigurations = (
				649070852D8807400099269B /* Debug */,
				649070862D8807400099269B /* Release */,
			);
			defaultConfigurationIsVisible = 0;
			defaultConfigurationName = Release;
		};
		649070872D8807400099269B /* Build configuration list for PBXNativeTarget "FinancialCalculator-wit-aiTests" */ = {
			isa = XCConfigurationList;
			buildConfigurations = (
				649070882D8807400099269B /* Debug */,
				649070892D8807400099269B /* Release */,
			);
			defaultConfigurationIsVisible = 0;
			defaultConfigurationName = Release;
		};
		6490708A2D8807400099269B /* Build configuration list for PBXNativeTarget "FinancialCalculator-wit-aiUITests" */ = {
			isa = XCConfigurationList;
			buildConfigurations = (
				6490708B2D8807400099269B /* Debug */,
				6490708C2D8807400099269B /* Release */,
			);
			defaultConfigurationIsVisible = 0;
			defaultConfigurationName = Release;
		};
/* End XCConfigurationList section */
	};
	rootObject = 649070582D88073E0099269B /* Project object */;
}
